
Microsoft Visual Studio Solution File, Format Version 12.00
# Visual Studio Version 17
VisualStudioVersion = 17.8.34330.188
MinimumVisualStudioVersion = 10.0.40219.1
Project("{FAE04EC0-301F-11D3-BF4B-00C04F79EFBC}") = "HastaneProje", "HastaneProje\HastaneProje.csproj", "{0E0D967C-7AE7-4FC9-9245-F8146FDBFD66}"
EndProject
Global
	GlobalSection(SolutionConfigurationPlatforms) = preSolution
		Debug|Any CPU = Debug|Any CPU
		Release|Any CPU = Release|Any CPU
	EndGlobalSection
	GlobalSection(ProjectConfigurationPlatforms) = postSolution
		{0E0D967C-7AE7-4FC9-9245-F8146FDBFD66}.Debug|Any CPU.ActiveCfg = Debug|Any CPU
		{0E0D967C-7AE7-4FC9-9245-F8146FDBFD66}.Debug|Any CPU.Build.0 = Debug|Any CPU
		{0E0D967C-7AE7-4FC9-9245-F8146FDBFD66}.Release|Any CPU.ActiveCfg = Release|Any CPU
		{0E0D967C-7AE7-4FC9-9245-F8146FDBFD66}.Release|Any CPU.Build.0 = Release|Any CPU
	EndGlobalSection
	GlobalSection(SolutionProperties) = preSolution
		HideSolutionNode = FALSE
	EndGlobalSection
	GlobalSection(ExtensibilityGlobals) = postSolution
		SolutionGuid = {B7576D2A-98DA-4EA8-B9E2-9B07A084F49E}
	EndGlobalSection
EndGlobal
